
Microsoft Visual Studio Solution File, Format Version 12.00
# Visual Studio Version 16
VisualStudioVersion = 16.0.31605.320
MinimumVisualStudioVersion = 10.0.40219.1
Project("{FAE04EC0-301F-11D3-BF4B-00C04F79EFBC}") = "ExercicioURI1067for", "ExercicioURI1067for\ExercicioURI1067for.csproj", "{93743172-8D79-4937-8FB4-A6DA9AC2F1F1}"
EndProject
Global
	GlobalSection(SolutionConfigurationPlatforms) = preSolution
		Debug|Any CPU = Debug|Any CPU
		Release|Any CPU = Release|Any CPU
	EndGlobalSection
	GlobalSection(ProjectConfigurationPlatforms) = postSolution
		{93743172-8D79-4937-8FB4-A6DA9AC2F1F1}.Debug|Any CPU.ActiveCfg = Debug|Any CPU
		{93743172-8D79-4937-8FB4-A6DA9AC2F1F1}.Debug|Any CPU.Build.0 = Debug|Any CPU
		{93743172-8D79-4937-8FB4-A6DA9AC2F1F1}.Release|Any CPU.ActiveCfg = Release|Any CPU
		{93743172-8D79-4937-8FB4-A6DA9AC2F1F1}.Release|Any CPU.Build.0 = Release|Any CPU
	EndGlobalSection
	GlobalSection(SolutionProperties) = preSolution
		HideSolutionNode = FALSE
	EndGlobalSection
	GlobalSection(ExtensibilityGlobals) = postSolution
		SolutionGuid = {3B7B30CF-F289-4466-9E4C-6617E8111470}
	EndGlobalSection
EndGlobal
